
Microsoft Visual Studio Solution File, Format Version 12.00
# Visual Studio Version 17
VisualStudioVersion = 17.14.36401.2 d17.14
MinimumVisualStudioVersion = 10.0.40219.1
Project("{FAE04EC0-301F-11D3-BF4B-00C04F79EFBC}") = "AsyncApp", "AsyncApp\AsyncApp.csproj", "{B1461499-1E4B-46D2-9D5A-1115EA204E40}"
EndProject
Global
	GlobalSection(SolutionConfigurationPlatforms) = preSolution
		Debug|Any CPU = Debug|Any CPU
		Release|Any CPU = Release|Any CPU
	EndGlobalSection
	GlobalSection(ProjectConfigurationPlatforms) = postSolution
		{B1461499-1E4B-46D2-9D5A-1115EA204E40}.Debug|Any CPU.ActiveCfg = Debug|Any CPU
		{B1461499-1E4B-46D2-9D5A-1115EA204E40}.Debug|Any CPU.Build.0 = Debug|Any CPU
		{B1461499-1E4B-46D2-9D5A-1115EA204E40}.Release|Any CPU.ActiveCfg = Release|Any CPU
		{B1461499-1E4B-46D2-9D5A-1115EA204E40}.Release|Any CPU.Build.0 = Release|Any CPU
	EndGlobalSection
	GlobalSection(SolutionProperties) = preSolution
		HideSolutionNode = FALSE
	EndGlobalSection
	GlobalSection(ExtensibilityGlobals) = postSolution
		SolutionGuid = {AD4CCB42-8381-4A09-B1E2-3A2B7F698258}
	EndGlobalSection
EndGlobal
