Microsoft Visual Studio Solution File, Format Version 12.00
# Visual Studio Version 17
VisualStudioVersion = 17.5.2.0
MinimumVisualStudioVersion = 10.0.40219.1
Project("{FAE04EC0-301F-11D3-BF4B-00C04F79EFBC}") = "HRapp", "HRapp.csproj", "{4FCB1B78-C698-2131-614F-C3217EF3524C}"
EndProject
Global
	GlobalSection(SolutionConfigurationPlatforms) = preSolution
		Debug|Any CPU = Debug|Any CPU
		Release|Any CPU = Release|Any CPU
	EndGlobalSection
	GlobalSection(ProjectConfigurationPlatforms) = postSolution
		{4FCB1B78-C698-2131-614F-C3217EF3524C}.Debug|Any CPU.ActiveCfg = Debug|Any CPU
		{4FCB1B78-C698-2131-614F-C3217EF3524C}.Debug|Any CPU.Build.0 = Debug|Any CPU
		{4FCB1B78-C698-2131-614F-C3217EF3524C}.Release|Any CPU.ActiveCfg = Release|Any CPU
		{4FCB1B78-C698-2131-614F-C3217EF3524C}.Release|Any CPU.Build.0 = Release|Any CPU
	EndGlobalSection
	GlobalSection(SolutionProperties) = preSolution
		HideSolutionNode = FALSE
	EndGlobalSection
	GlobalSection(ExtensibilityGlobals) = postSolution
		SolutionGuid = {0A912746-5510-4F07-9A45-905EDA1011E5}
	EndGlobalSection
EndGlobal
