
Microsoft Visual Studio Solution File, Format Version 12.00
# Visual Studio Version 17
VisualStudioVersion = 17.14.36401.2 d17.14
MinimumVisualStudioVersion = 10.0.40219.1
Project("{FAE04EC0-301F-11D3-BF4B-00C04F79EFBC}") = "AsyncApp2", "AsyncApp2\AsyncApp2.csproj", "{054545D0-5210-4A0A-9073-7CEDBC2D17AF}"
EndProject
Global
	GlobalSection(SolutionConfigurationPlatforms) = preSolution
		Debug|Any CPU = Debug|Any CPU
		Release|Any CPU = Release|Any CPU
	EndGlobalSection
	GlobalSection(ProjectConfigurationPlatforms) = postSolution
		{054545D0-5210-4A0A-9073-7CEDBC2D17AF}.Debug|Any CPU.ActiveCfg = Debug|Any CPU
		{054545D0-5210-4A0A-9073-7CEDBC2D17AF}.Debug|Any CPU.Build.0 = Debug|Any CPU
		{054545D0-5210-4A0A-9073-7CEDBC2D17AF}.Release|Any CPU.ActiveCfg = Release|Any CPU
		{054545D0-5210-4A0A-9073-7CEDBC2D17AF}.Release|Any CPU.Build.0 = Release|Any CPU
	EndGlobalSection
	GlobalSection(SolutionProperties) = preSolution
		HideSolutionNode = FALSE
	EndGlobalSection
	GlobalSection(ExtensibilityGlobals) = postSolution
		SolutionGuid = {738BE24A-E197-4A79-90A5-1773B5F324DF}
	EndGlobalSection
EndGlobal
